
Microsoft Visual Studio Solution File, Format Version 12.00
# Visual Studio Version 17
VisualStudioVersion = 17.2.32630.192
MinimumVisualStudioVersion = 10.0.40219.1
Project("{9A19103F-16F7-4668-BE54-9A1E7A4F7556}") = "Test of Engine", "Test of Engine\Test of Engine.csproj", "{8D7B11FA-1C6D-4A9C-8BB7-D640DFD94670}"
EndProject
Project("{FAE04EC0-301F-11D3-BF4B-00C04F79EFBC}") = "WindowsFormsApp1", "..\WindowsFormsApp1\WindowsFormsApp1.csproj", "{233E708C-01A4-4895-9ABB-496DFB6DDD2D}"
EndProject
Global
	GlobalSection(SolutionConfigurationPlatforms) = preSolution
		Debug|Any CPU = Debug|Any CPU
		Release|Any CPU = Release|Any CPU
	EndGlobalSection
	GlobalSection(ProjectConfigurationPlatforms) = postSolution
		{8D7B11FA-1C6D-4A9C-8BB7-D640DFD94670}.Debug|Any CPU.ActiveCfg = Debug|Any CPU
		{8D7B11FA-1C6D-4A9C-8BB7-D640DFD94670}.Debug|Any CPU.Build.0 = Debug|Any CPU
		{8D7B11FA-1C6D-4A9C-8BB7-D640DFD94670}.Release|Any CPU.ActiveCfg = Release|Any CPU
		{8D7B11FA-1C6D-4A9C-8BB7-D640DFD94670}.Release|Any CPU.Build.0 = Release|Any CPU
		{233E708C-01A4-4895-9ABB-496DFB6DDD2D}.Debug|Any CPU.ActiveCfg = Debug|Any CPU
		{233E708C-01A4-4895-9ABB-496DFB6DDD2D}.Debug|Any CPU.Build.0 = Debug|Any CPU
		{233E708C-01A4-4895-9ABB-496DFB6DDD2D}.Release|Any CPU.ActiveCfg = Release|Any CPU
		{233E708C-01A4-4895-9ABB-496DFB6DDD2D}.Release|Any CPU.Build.0 = Release|Any CPU
	EndGlobalSection
	GlobalSection(SolutionProperties) = preSolution
		HideSolutionNode = FALSE
	EndGlobalSection
	GlobalSection(ExtensibilityGlobals) = postSolution
		SolutionGuid = {53563D0D-57F5-48F6-9894-929A44DB2F02}
	EndGlobalSection
EndGlobal
